
Microsoft Visual Studio Solution File, Format Version 12.00
# Visual Studio 15
VisualStudioVersion = 15.0.26430.6
MinimumVisualStudioVersion = 10.0.40219.1
Project("{FAE04EC0-301F-11D3-BF4B-00C04F79EFBC}") = "SignalRDev.Server.WinSvc", "SignalRDev.Server.Console\SignalRDev.Server.WinSvc.csproj", "{01584E16-D9FA-4D98-8E4A-9334B14356FC}"
EndProject
Project("{2150E333-8FDC-42A3-9474-1A3956D46DE8}") = "Server", "Server", "{7663560C-D473-47B7-815D-847E325EF4DF}"
EndProject
Project("{2150E333-8FDC-42A3-9474-1A3956D46DE8}") = "Client", "Client", "{88070923-1C1D-4296-A1F0-C1F4D5B9F011}"
EndProject
Project("{FAE04EC0-301F-11D3-BF4B-00C04F79EFBC}") = "SignalRDev.Client.WinApp", "SignalRDev.Client.WinApp\SignalRDev.Client.WinApp.csproj", "{5D5469F4-9E52-49AF-90E3-8D9D234D2762}"
EndProject
Project("{FAE04EC0-301F-11D3-BF4B-00C04F79EFBC}") = "SignalRDev.Client.Common", "SignalRDev.Client.Common\SignalRDev.Client.Common.csproj", "{72B53636-AC21-4279-A677-2DEB0963458C}"
EndProject
Project("{2150E333-8FDC-42A3-9474-1A3956D46DE8}") = "Solution Files", "Solution Files", "{2628ED04-E955-468A-8EDC-67C6946FD8AA}"
	ProjectSection(SolutionItems) = preProject
		InitializePublish.proj = InitializePublish.proj
		Publish.proj = Publish.proj
		PublishToDEV.cmd = PublishToDEV.cmd
		PublishToPRD.cmd = PublishToPRD.cmd
		PublishToSIT.cmd = PublishToSIT.cmd
	EndProjectSection
EndProject
Project("{FAE04EC0-301F-11D3-BF4B-00C04F79EFBC}") = "SignalRDev.Client.WebApp", "SignalRDev.Client.WebApp\SignalRDev.Client.WebApp.csproj", "{A6308A07-0A0D-4530-B4F7-8071C6270742}"
EndProject
Project("{2150E333-8FDC-42A3-9474-1A3956D46DE8}") = "Data Access", "Data Access", "{F78B5C28-4BBD-4007-BE3F-85A335062F41}"
EndProject
Project("{FAE04EC0-301F-11D3-BF4B-00C04F79EFBC}") = "SignalRDev.DataAccess.Dashboard", "SignalRDev.DataAccess.Dashboard\SignalRDev.DataAccess.Dashboard.csproj", "{943EED3F-E129-4E5E-A793-A1982E991CC4}"
EndProject
Project("{2150E333-8FDC-42A3-9474-1A3956D46DE8}") = "Test", "Test", "{DCA326A1-1106-4584-A466-EA7D7EF35E3A}"
EndProject
Project("{FAE04EC0-301F-11D3-BF4B-00C04F79EFBC}") = "SignalRDev.Tests", "SignalRDev.Tests\SignalRDev.Tests.csproj", "{65E68F96-038B-4A45-B018-9773963ABE89}"
EndProject
Project("{FAE04EC0-301F-11D3-BF4B-00C04F79EFBC}") = "SignalRDev.Test.DashboardDataAccess", "SignalRDev.Test.DashboardDataAccess\SignalRDev.Test.DashboardDataAccess.csproj", "{131C9224-ADF6-4866-AD41-0DFE3B51BBED}"
EndProject
Project("{FAE04EC0-301F-11D3-BF4B-00C04F79EFBC}") = "SignalRDev.DataAccess.Interfaces", "SignalRDev.DataAccess.Interfaces\SignalRDev.DataAccess.Interfaces.csproj", "{544B83F8-9F9E-469C-AD03-CEA76DA2CE1E}"
EndProject
Project("{FAE04EC0-301F-11D3-BF4B-00C04F79EFBC}") = "SignalRDev.DataAccess.Models", "SignalRDev.DataAccess.Models\SignalRDev.DataAccess.Models.csproj", "{362D8EE6-BF3D-46C5-919A-017835E00688}"
EndProject
Project("{2150E333-8FDC-42A3-9474-1A3956D46DE8}") = "Business Logic", "Business Logic", "{7FB58659-D49D-416B-B26C-DD34E0BFB9F2}"
EndProject
Project("{FAE04EC0-301F-11D3-BF4B-00C04F79EFBC}") = "SignalRDev.BusinessLogic.Common", "SignalRDev.BusinessLogic.Common\SignalRDev.BusinessLogic.Common.csproj", "{5B0FD4E8-B1F8-4313-9FD8-8ACAE75F4B53}"
EndProject
Project("{FAE04EC0-301F-11D3-BF4B-00C04F79EFBC}") = "SignalRDev.BusinessLogic.Interfaces", "SignalRDev.BusinessLogic.Interfaces\SignalRDev.BusinessLogic.Interfaces.csproj", "{65731A0B-4E03-4F38-B7CE-D1F8D14E0CC2}"
EndProject
Project("{FAE04EC0-301F-11D3-BF4B-00C04F79EFBC}") = "SignalRDev.BusinessLogic.MapperConfig", "SignalRDev.BusinessLogic.MapperConfig\SignalRDev.BusinessLogic.MapperConfig.csproj", "{E4378D72-6EF6-4F46-B132-AD6932F39BC5}"
EndProject
Project("{FAE04EC0-301F-11D3-BF4B-00C04F79EFBC}") = "SignalRDev.BusinessLogic.Dashboard", "SignalRDev.BusinessLogic.Dashboard\SignalRDev.BusinessLogic.Dashboard.csproj", "{A50D48BC-324E-4266-9BDC-3473C086C499}"
EndProject
Project("{2150E333-8FDC-42A3-9474-1A3956D46DE8}") = "Svc", "Svc", "{D00DD859-F5C5-4157-9F61-5A9EC56A6EC1}"
EndProject
Project("{FAE04EC0-301F-11D3-BF4B-00C04F79EFBC}") = "SignalRDev.Svc.Dashboard", "SignalRDev.Svc.Dashboard\SignalRDev.Svc.Dashboard.csproj", "{6AFC5E40-6ED1-4B96-B7BC-5BCDF3555139}"
EndProject
Project("{FAE04EC0-301F-11D3-BF4B-00C04F79EFBC}") = "SignalRDev.Server.WebApi", "SignalRDev.Server.WebApi\SignalRDev.Server.WebApi.csproj", "{B6B69DB6-06D5-462B-8B5C-10CFC7E0B430}"
EndProject
Global
	GlobalSection(SolutionConfigurationPlatforms) = preSolution
		Debug|Any CPU = Debug|Any CPU
		DEV|Any CPU = DEV|Any CPU
		PRD|Any CPU = PRD|Any CPU
		Release|Any CPU = Release|Any CPU
		SIT|Any CPU = SIT|Any CPU
	EndGlobalSection
	GlobalSection(ProjectConfigurationPlatforms) = postSolution
		{01584E16-D9FA-4D98-8E4A-9334B14356FC}.Debug|Any CPU.ActiveCfg = DEV|Any CPU
		{01584E16-D9FA-4D98-8E4A-9334B14356FC}.Debug|Any CPU.Build.0 = DEV|Any CPU
		{01584E16-D9FA-4D98-8E4A-9334B14356FC}.DEV|Any CPU.ActiveCfg = DEV|Any CPU
		{01584E16-D9FA-4D98-8E4A-9334B14356FC}.DEV|Any CPU.Build.0 = DEV|Any CPU
		{01584E16-D9FA-4D98-8E4A-9334B14356FC}.PRD|Any CPU.ActiveCfg = PRD|Any CPU
		{01584E16-D9FA-4D98-8E4A-9334B14356FC}.PRD|Any CPU.Build.0 = PRD|Any CPU
		{01584E16-D9FA-4D98-8E4A-9334B14356FC}.Release|Any CPU.ActiveCfg = SIT|Any CPU
		{01584E16-D9FA-4D98-8E4A-9334B14356FC}.Release|Any CPU.Build.0 = SIT|Any CPU
		{01584E16-D9FA-4D98-8E4A-9334B14356FC}.SIT|Any CPU.ActiveCfg = DEV|Any CPU
		{01584E16-D9FA-4D98-8E4A-9334B14356FC}.SIT|Any CPU.Build.0 = DEV|Any CPU
		{5D5469F4-9E52-49AF-90E3-8D9D234D2762}.Debug|Any CPU.ActiveCfg = DEV|Any CPU
		{5D5469F4-9E52-49AF-90E3-8D9D234D2762}.Debug|Any CPU.Build.0 = DEV|Any CPU
		{5D5469F4-9E52-49AF-90E3-8D9D234D2762}.DEV|Any CPU.ActiveCfg = DEV|Any CPU
		{5D5469F4-9E52-49AF-90E3-8D9D234D2762}.DEV|Any CPU.Build.0 = DEV|Any CPU
		{5D5469F4-9E52-49AF-90E3-8D9D234D2762}.PRD|Any CPU.ActiveCfg = PRD|Any CPU
		{5D5469F4-9E52-49AF-90E3-8D9D234D2762}.PRD|Any CPU.Build.0 = PRD|Any CPU
		{5D5469F4-9E52-49AF-90E3-8D9D234D2762}.Release|Any CPU.ActiveCfg = SIT|Any CPU
		{5D5469F4-9E52-49AF-90E3-8D9D234D2762}.Release|Any CPU.Build.0 = SIT|Any CPU
		{5D5469F4-9E52-49AF-90E3-8D9D234D2762}.SIT|Any CPU.ActiveCfg = DEV|Any CPU
		{5D5469F4-9E52-49AF-90E3-8D9D234D2762}.SIT|Any CPU.Build.0 = DEV|Any CPU
		{72B53636-AC21-4279-A677-2DEB0963458C}.Debug|Any CPU.ActiveCfg = DEV|Any CPU
		{72B53636-AC21-4279-A677-2DEB0963458C}.Debug|Any CPU.Build.0 = DEV|Any CPU
		{72B53636-AC21-4279-A677-2DEB0963458C}.DEV|Any CPU.ActiveCfg = DEV|Any CPU
		{72B53636-AC21-4279-A677-2DEB0963458C}.DEV|Any CPU.Build.0 = DEV|Any CPU
		{72B53636-AC21-4279-A677-2DEB0963458C}.PRD|Any CPU.ActiveCfg = PRD|Any CPU
		{72B53636-AC21-4279-A677-2DEB0963458C}.PRD|Any CPU.Build.0 = PRD|Any CPU
		{72B53636-AC21-4279-A677-2DEB0963458C}.Release|Any CPU.ActiveCfg = SIT|Any CPU
		{72B53636-AC21-4279-A677-2DEB0963458C}.Release|Any CPU.Build.0 = SIT|Any CPU
		{72B53636-AC21-4279-A677-2DEB0963458C}.SIT|Any CPU.ActiveCfg = DEV|Any CPU
		{72B53636-AC21-4279-A677-2DEB0963458C}.SIT|Any CPU.Build.0 = DEV|Any CPU
		{A6308A07-0A0D-4530-B4F7-8071C6270742}.Debug|Any CPU.ActiveCfg = DEV|Any CPU
		{A6308A07-0A0D-4530-B4F7-8071C6270742}.Debug|Any CPU.Build.0 = DEV|Any CPU
		{A6308A07-0A0D-4530-B4F7-8071C6270742}.DEV|Any CPU.ActiveCfg = DEV|Any CPU
		{A6308A07-0A0D-4530-B4F7-8071C6270742}.DEV|Any CPU.Build.0 = DEV|Any CPU
		{A6308A07-0A0D-4530-B4F7-8071C6270742}.PRD|Any CPU.ActiveCfg = PRD|Any CPU
		{A6308A07-0A0D-4530-B4F7-8071C6270742}.PRD|Any CPU.Build.0 = PRD|Any CPU
		{A6308A07-0A0D-4530-B4F7-8071C6270742}.Release|Any CPU.ActiveCfg = SIT|Any CPU
		{A6308A07-0A0D-4530-B4F7-8071C6270742}.Release|Any CPU.Build.0 = SIT|Any CPU
		{A6308A07-0A0D-4530-B4F7-8071C6270742}.SIT|Any CPU.ActiveCfg = DEV|Any CPU
		{A6308A07-0A0D-4530-B4F7-8071C6270742}.SIT|Any CPU.Build.0 = DEV|Any CPU
		{943EED3F-E129-4E5E-A793-A1982E991CC4}.Debug|Any CPU.ActiveCfg = DEV|Any CPU
		{943EED3F-E129-4E5E-A793-A1982E991CC4}.Debug|Any CPU.Build.0 = DEV|Any CPU
		{943EED3F-E129-4E5E-A793-A1982E991CC4}.DEV|Any CPU.ActiveCfg = DEV|Any CPU
		{943EED3F-E129-4E5E-A793-A1982E991CC4}.DEV|Any CPU.Build.0 = DEV|Any CPU
		{943EED3F-E129-4E5E-A793-A1982E991CC4}.PRD|Any CPU.ActiveCfg = SIT|Any CPU
		{943EED3F-E129-4E5E-A793-A1982E991CC4}.PRD|Any CPU.Build.0 = SIT|Any CPU
		{943EED3F-E129-4E5E-A793-A1982E991CC4}.Release|Any CPU.ActiveCfg = SIT|Any CPU
		{943EED3F-E129-4E5E-A793-A1982E991CC4}.Release|Any CPU.Build.0 = SIT|Any CPU
		{943EED3F-E129-4E5E-A793-A1982E991CC4}.SIT|Any CPU.ActiveCfg = DEV|Any CPU
		{943EED3F-E129-4E5E-A793-A1982E991CC4}.SIT|Any CPU.Build.0 = DEV|Any CPU
		{65E68F96-038B-4A45-B018-9773963ABE89}.Debug|Any CPU.ActiveCfg = DEV|Any CPU
		{65E68F96-038B-4A45-B018-9773963ABE89}.Debug|Any CPU.Build.0 = DEV|Any CPU
		{65E68F96-038B-4A45-B018-9773963ABE89}.DEV|Any CPU.ActiveCfg = DEV|Any CPU
		{65E68F96-038B-4A45-B018-9773963ABE89}.DEV|Any CPU.Build.0 = DEV|Any CPU
		{65E68F96-038B-4A45-B018-9773963ABE89}.PRD|Any CPU.ActiveCfg = SIT|Any CPU
		{65E68F96-038B-4A45-B018-9773963ABE89}.PRD|Any CPU.Build.0 = SIT|Any CPU
		{65E68F96-038B-4A45-B018-9773963ABE89}.Release|Any CPU.ActiveCfg = SIT|Any CPU
		{65E68F96-038B-4A45-B018-9773963ABE89}.Release|Any CPU.Build.0 = SIT|Any CPU
		{65E68F96-038B-4A45-B018-9773963ABE89}.SIT|Any CPU.ActiveCfg = SIT|Any CPU
		{65E68F96-038B-4A45-B018-9773963ABE89}.SIT|Any CPU.Build.0 = SIT|Any CPU
		{131C9224-ADF6-4866-AD41-0DFE3B51BBED}.Debug|Any CPU.ActiveCfg = DEV|Any CPU
		{131C9224-ADF6-4866-AD41-0DFE3B51BBED}.Debug|Any CPU.Build.0 = DEV|Any CPU
		{131C9224-ADF6-4866-AD41-0DFE3B51BBED}.DEV|Any CPU.ActiveCfg = DEV|Any CPU
		{131C9224-ADF6-4866-AD41-0DFE3B51BBED}.DEV|Any CPU.Build.0 = DEV|Any CPU
		{131C9224-ADF6-4866-AD41-0DFE3B51BBED}.PRD|Any CPU.ActiveCfg = SIT|Any CPU
		{131C9224-ADF6-4866-AD41-0DFE3B51BBED}.PRD|Any CPU.Build.0 = SIT|Any CPU
		{131C9224-ADF6-4866-AD41-0DFE3B51BBED}.Release|Any CPU.ActiveCfg = SIT|Any CPU
		{131C9224-ADF6-4866-AD41-0DFE3B51BBED}.Release|Any CPU.Build.0 = SIT|Any CPU
		{131C9224-ADF6-4866-AD41-0DFE3B51BBED}.SIT|Any CPU.ActiveCfg = SIT|Any CPU
		{131C9224-ADF6-4866-AD41-0DFE3B51BBED}.SIT|Any CPU.Build.0 = SIT|Any CPU
		{544B83F8-9F9E-469C-AD03-CEA76DA2CE1E}.Debug|Any CPU.ActiveCfg = Debug|Any CPU
		{544B83F8-9F9E-469C-AD03-CEA76DA2CE1E}.Debug|Any CPU.Build.0 = Debug|Any CPU
		{544B83F8-9F9E-469C-AD03-CEA76DA2CE1E}.DEV|Any CPU.ActiveCfg = Debug|Any CPU
		{544B83F8-9F9E-469C-AD03-CEA76DA2CE1E}.DEV|Any CPU.Build.0 = Debug|Any CPU
		{544B83F8-9F9E-469C-AD03-CEA76DA2CE1E}.PRD|Any CPU.ActiveCfg = Release|Any CPU
		{544B83F8-9F9E-469C-AD03-CEA76DA2CE1E}.PRD|Any CPU.Build.0 = Release|Any CPU
		{544B83F8-9F9E-469C-AD03-CEA76DA2CE1E}.Release|Any CPU.ActiveCfg = Release|Any CPU
		{544B83F8-9F9E-469C-AD03-CEA76DA2CE1E}.Release|Any CPU.Build.0 = Release|Any CPU
		{544B83F8-9F9E-469C-AD03-CEA76DA2CE1E}.SIT|Any CPU.ActiveCfg = Release|Any CPU
		{544B83F8-9F9E-469C-AD03-CEA76DA2CE1E}.SIT|Any CPU.Build.0 = Release|Any CPU
		{362D8EE6-BF3D-46C5-919A-017835E00688}.Debug|Any CPU.ActiveCfg = Debug|Any CPU
		{362D8EE6-BF3D-46C5-919A-017835E00688}.Debug|Any CPU.Build.0 = Debug|Any CPU
		{362D8EE6-BF3D-46C5-919A-017835E00688}.DEV|Any CPU.ActiveCfg = Debug|Any CPU
		{362D8EE6-BF3D-46C5-919A-017835E00688}.DEV|Any CPU.Build.0 = Debug|Any CPU
		{362D8EE6-BF3D-46C5-919A-017835E00688}.PRD|Any CPU.ActiveCfg = Release|Any CPU
		{362D8EE6-BF3D-46C5-919A-017835E00688}.PRD|Any CPU.Build.0 = Release|Any CPU
		{362D8EE6-BF3D-46C5-919A-017835E00688}.Release|Any CPU.ActiveCfg = Release|Any CPU
		{362D8EE6-BF3D-46C5-919A-017835E00688}.Release|Any CPU.Build.0 = Release|Any CPU
		{362D8EE6-BF3D-46C5-919A-017835E00688}.SIT|Any CPU.ActiveCfg = Release|Any CPU
		{362D8EE6-BF3D-46C5-919A-017835E00688}.SIT|Any CPU.Build.0 = Release|Any CPU
		{5B0FD4E8-B1F8-4313-9FD8-8ACAE75F4B53}.Debug|Any CPU.ActiveCfg = Debug|Any CPU
		{5B0FD4E8-B1F8-4313-9FD8-8ACAE75F4B53}.Debug|Any CPU.Build.0 = Debug|Any CPU
		{5B0FD4E8-B1F8-4313-9FD8-8ACAE75F4B53}.DEV|Any CPU.ActiveCfg = Debug|Any CPU
		{5B0FD4E8-B1F8-4313-9FD8-8ACAE75F4B53}.DEV|Any CPU.Build.0 = Debug|Any CPU
		{5B0FD4E8-B1F8-4313-9FD8-8ACAE75F4B53}.PRD|Any CPU.ActiveCfg = Release|Any CPU
		{5B0FD4E8-B1F8-4313-9FD8-8ACAE75F4B53}.PRD|Any CPU.Build.0 = Release|Any CPU
		{5B0FD4E8-B1F8-4313-9FD8-8ACAE75F4B53}.Release|Any CPU.ActiveCfg = Release|Any CPU
		{5B0FD4E8-B1F8-4313-9FD8-8ACAE75F4B53}.Release|Any CPU.Build.0 = Release|Any CPU
		{5B0FD4E8-B1F8-4313-9FD8-8ACAE75F4B53}.SIT|Any CPU.ActiveCfg = Release|Any CPU
		{5B0FD4E8-B1F8-4313-9FD8-8ACAE75F4B53}.SIT|Any CPU.Build.0 = Release|Any CPU
		{65731A0B-4E03-4F38-B7CE-D1F8D14E0CC2}.Debug|Any CPU.ActiveCfg = Debug|Any CPU
		{65731A0B-4E03-4F38-B7CE-D1F8D14E0CC2}.Debug|Any CPU.Build.0 = Debug|Any CPU
		{65731A0B-4E03-4F38-B7CE-D1F8D14E0CC2}.DEV|Any CPU.ActiveCfg = Debug|Any CPU
		{65731A0B-4E03-4F38-B7CE-D1F8D14E0CC2}.DEV|Any CPU.Build.0 = Debug|Any CPU
		{65731A0B-4E03-4F38-B7CE-D1F8D14E0CC2}.PRD|Any CPU.ActiveCfg = Release|Any CPU
		{65731A0B-4E03-4F38-B7CE-D1F8D14E0CC2}.PRD|Any CPU.Build.0 = Release|Any CPU
		{65731A0B-4E03-4F38-B7CE-D1F8D14E0CC2}.Release|Any CPU.ActiveCfg = Release|Any CPU
		{65731A0B-4E03-4F38-B7CE-D1F8D14E0CC2}.Release|Any CPU.Build.0 = Release|Any CPU
		{65731A0B-4E03-4F38-B7CE-D1F8D14E0CC2}.SIT|Any CPU.ActiveCfg = Release|Any CPU
		{65731A0B-4E03-4F38-B7CE-D1F8D14E0CC2}.SIT|Any CPU.Build.0 = Release|Any CPU
		{E4378D72-6EF6-4F46-B132-AD6932F39BC5}.Debug|Any CPU.ActiveCfg = Debug|Any CPU
		{E4378D72-6EF6-4F46-B132-AD6932F39BC5}.Debug|Any CPU.Build.0 = Debug|Any CPU
		{E4378D72-6EF6-4F46-B132-AD6932F39BC5}.DEV|Any CPU.ActiveCfg = Debug|Any CPU
		{E4378D72-6EF6-4F46-B132-AD6932F39BC5}.DEV|Any CPU.Build.0 = Debug|Any CPU
		{E4378D72-6EF6-4F46-B132-AD6932F39BC5}.PRD|Any CPU.ActiveCfg = Release|Any CPU
		{E4378D72-6EF6-4F46-B132-AD6932F39BC5}.PRD|Any CPU.Build.0 = Release|Any CPU
		{E4378D72-6EF6-4F46-B132-AD6932F39BC5}.Release|Any CPU.ActiveCfg = Release|Any CPU
		{E4378D72-6EF6-4F46-B132-AD6932F39BC5}.Release|Any CPU.Build.0 = Release|Any CPU
		{E4378D72-6EF6-4F46-B132-AD6932F39BC5}.SIT|Any CPU.ActiveCfg = Release|Any CPU
		{E4378D72-6EF6-4F46-B132-AD6932F39BC5}.SIT|Any CPU.Build.0 = Release|Any CPU
		{A50D48BC-324E-4266-9BDC-3473C086C499}.Debug|Any CPU.ActiveCfg = Debug|Any CPU
		{A50D48BC-324E-4266-9BDC-3473C086C499}.Debug|Any CPU.Build.0 = Debug|Any CPU
		{A50D48BC-324E-4266-9BDC-3473C086C499}.DEV|Any CPU.ActiveCfg = Debug|Any CPU
		{A50D48BC-324E-4266-9BDC-3473C086C499}.DEV|Any CPU.Build.0 = Debug|Any CPU
		{A50D48BC-324E-4266-9BDC-3473C086C499}.PRD|Any CPU.ActiveCfg = Release|Any CPU
		{A50D48BC-324E-4266-9BDC-3473C086C499}.PRD|Any CPU.Build.0 = Release|Any CPU
		{A50D48BC-324E-4266-9BDC-3473C086C499}.Release|Any CPU.ActiveCfg = Release|Any CPU
		{A50D48BC-324E-4266-9BDC-3473C086C499}.Release|Any CPU.Build.0 = Release|Any CPU
		{A50D48BC-324E-4266-9BDC-3473C086C499}.SIT|Any CPU.ActiveCfg = Release|Any CPU
		{A50D48BC-324E-4266-9BDC-3473C086C499}.SIT|Any CPU.Build.0 = Release|Any CPU
		{6AFC5E40-6ED1-4B96-B7BC-5BCDF3555139}.Debug|Any CPU.ActiveCfg = Debug|Any CPU
		{6AFC5E40-6ED1-4B96-B7BC-5BCDF3555139}.Debug|Any CPU.Build.0 = Debug|Any CPU
		{6AFC5E40-6ED1-4B96-B7BC-5BCDF3555139}.DEV|Any CPU.ActiveCfg = Debug|Any CPU
		{6AFC5E40-6ED1-4B96-B7BC-5BCDF3555139}.DEV|Any CPU.Build.0 = Debug|Any CPU
		{6AFC5E40-6ED1-4B96-B7BC-5BCDF3555139}.PRD|Any CPU.ActiveCfg = Release|Any CPU
		{6AFC5E40-6ED1-4B96-B7BC-5BCDF3555139}.PRD|Any CPU.Build.0 = Release|Any CPU
		{6AFC5E40-6ED1-4B96-B7BC-5BCDF3555139}.Release|Any CPU.ActiveCfg = Release|Any CPU
		{6AFC5E40-6ED1-4B96-B7BC-5BCDF3555139}.Release|Any CPU.Build.0 = Release|Any CPU
		{6AFC5E40-6ED1-4B96-B7BC-5BCDF3555139}.SIT|Any CPU.ActiveCfg = Release|Any CPU
		{6AFC5E40-6ED1-4B96-B7BC-5BCDF3555139}.SIT|Any CPU.Build.0 = Release|Any CPU
		{B6B69DB6-06D5-462B-8B5C-10CFC7E0B430}.Debug|Any CPU.ActiveCfg = Debug|Any CPU
		{B6B69DB6-06D5-462B-8B5C-10CFC7E0B430}.Debug|Any CPU.Build.0 = Debug|Any CPU
		{B6B69DB6-06D5-462B-8B5C-10CFC7E0B430}.DEV|Any CPU.ActiveCfg = Debug|Any CPU
		{B6B69DB6-06D5-462B-8B5C-10CFC7E0B430}.DEV|Any CPU.Build.0 = Debug|Any CPU
		{B6B69DB6-06D5-462B-8B5C-10CFC7E0B430}.PRD|Any CPU.ActiveCfg = Release|Any CPU
		{B6B69DB6-06D5-462B-8B5C-10CFC7E0B430}.PRD|Any CPU.Build.0 = Release|Any CPU
		{B6B69DB6-06D5-462B-8B5C-10CFC7E0B430}.Release|Any CPU.ActiveCfg = Release|Any CPU
		{B6B69DB6-06D5-462B-8B5C-10CFC7E0B430}.Release|Any CPU.Build.0 = Release|Any CPU
		{B6B69DB6-06D5-462B-8B5C-10CFC7E0B430}.SIT|Any CPU.ActiveCfg = Release|Any CPU
		{B6B69DB6-06D5-462B-8B5C-10CFC7E0B430}.SIT|Any CPU.Build.0 = Release|Any CPU
	EndGlobalSection
	GlobalSection(SolutionProperties) = preSolution
		HideSolutionNode = FALSE
	EndGlobalSection
	GlobalSection(NestedProjects) = preSolution
		{01584E16-D9FA-4D98-8E4A-9334B14356FC} = {7663560C-D473-47B7-815D-847E325EF4DF}
		{5D5469F4-9E52-49AF-90E3-8D9D234D2762} = {88070923-1C1D-4296-A1F0-C1F4D5B9F011}
		{72B53636-AC21-4279-A677-2DEB0963458C} = {88070923-1C1D-4296-A1F0-C1F4D5B9F011}
		{A6308A07-0A0D-4530-B4F7-8071C6270742} = {88070923-1C1D-4296-A1F0-C1F4D5B9F011}
		{943EED3F-E129-4E5E-A793-A1982E991CC4} = {F78B5C28-4BBD-4007-BE3F-85A335062F41}
		{65E68F96-038B-4A45-B018-9773963ABE89} = {DCA326A1-1106-4584-A466-EA7D7EF35E3A}
		{131C9224-ADF6-4866-AD41-0DFE3B51BBED} = {DCA326A1-1106-4584-A466-EA7D7EF35E3A}
		{544B83F8-9F9E-469C-AD03-CEA76DA2CE1E} = {F78B5C28-4BBD-4007-BE3F-85A335062F41}
		{362D8EE6-BF3D-46C5-919A-017835E00688} = {F78B5C28-4BBD-4007-BE3F-85A335062F41}
		{5B0FD4E8-B1F8-4313-9FD8-8ACAE75F4B53} = {7FB58659-D49D-416B-B26C-DD34E0BFB9F2}
		{65731A0B-4E03-4F38-B7CE-D1F8D14E0CC2} = {7FB58659-D49D-416B-B26C-DD34E0BFB9F2}
		{E4378D72-6EF6-4F46-B132-AD6932F39BC5} = {7FB58659-D49D-416B-B26C-DD34E0BFB9F2}
		{A50D48BC-324E-4266-9BDC-3473C086C499} = {7FB58659-D49D-416B-B26C-DD34E0BFB9F2}
		{6AFC5E40-6ED1-4B96-B7BC-5BCDF3555139} = {D00DD859-F5C5-4157-9F61-5A9EC56A6EC1}
		{B6B69DB6-06D5-462B-8B5C-10CFC7E0B430} = {7663560C-D473-47B7-815D-847E325EF4DF}
	EndGlobalSection
EndGlobal
