
Microsoft Visual Studio Solution File, Format Version 12.00
# Visual Studio 15
VisualStudioVersion = 15.0.26430.6
MinimumVisualStudioVersion = 10.0.40219.1
Project("{FAE04EC0-301F-11D3-BF4B-00C04F79EFBC}") = "SignalRDev.Server.WinSvc", "SignalRDev.Server.Console\SignalRDev.Server.WinSvc.csproj", "{01584E16-D9FA-4D98-8E4A-9334B14356FC}"
EndProject
Project("{2150E333-8FDC-42A3-9474-1A3956D46DE8}") = "Server", "Server", "{7663560C-D473-47B7-815D-847E325EF4DF}"
EndProject
Project("{2150E333-8FDC-42A3-9474-1A3956D46DE8}") = "Client", "Client", "{88070923-1C1D-4296-A1F0-C1F4D5B9F011}"
EndProject
Project("{FAE04EC0-301F-11D3-BF4B-00C04F79EFBC}") = "SignalRDev.Client.WinApp", "SignalRDev.Client.WinApp\SignalRDev.Client.WinApp.csproj", "{5D5469F4-9E52-49AF-90E3-8D9D234D2762}"
EndProject
Project("{FAE04EC0-301F-11D3-BF4B-00C04F79EFBC}") = "SignalRDev.Client.Common", "SignalRDev.Client.Common\SignalRDev.Client.Common.csproj", "{72B53636-AC21-4279-A677-2DEB0963458C}"
EndProject
Project("{2150E333-8FDC-42A3-9474-1A3956D46DE8}") = "Common", "Common", "{028EA9B4-D123-4D47-BB63-597F026D4A74}"
EndProject
Project("{FAE04EC0-301F-11D3-BF4B-00C04F79EFBC}") = "SignalRDev.Svc.Common", "SignalRDev.Svc.Common\SignalRDev.Svc.Common.csproj", "{A8086E48-F9D0-491F-BC46-54118BFEC38B}"
EndProject
Project("{2150E333-8FDC-42A3-9474-1A3956D46DE8}") = "Solution Files", "Solution Files", "{2628ED04-E955-468A-8EDC-67C6946FD8AA}"
	ProjectSection(SolutionItems) = preProject
		InitializePublish.proj = InitializePublish.proj
		Publish.proj = Publish.proj
		PublishToDEV.cmd = PublishToDEV.cmd
		PublishToPRD.cmd = PublishToPRD.cmd
		PublishToSIT.cmd = PublishToSIT.cmd
	EndProjectSection
EndProject
Project("{FAE04EC0-301F-11D3-BF4B-00C04F79EFBC}") = "SignalRDev.Client.WebApp", "SignalRDev.Client.WebApp\SignalRDev.Client.WebApp.csproj", "{A6308A07-0A0D-4530-B4F7-8071C6270742}"
EndProject
Project("{2150E333-8FDC-42A3-9474-1A3956D46DE8}") = "Data Access", "Data Access", "{F78B5C28-4BBD-4007-BE3F-85A335062F41}"
EndProject
Project("{FAE04EC0-301F-11D3-BF4B-00C04F79EFBC}") = "SignalRDev.DataAccess.Dashboard", "SignalRDev.DataAccess.Dashboard\SignalRDev.DataAccess.Dashboard.csproj", "{943EED3F-E129-4E5E-A793-A1982E991CC4}"
EndProject
Project("{2150E333-8FDC-42A3-9474-1A3956D46DE8}") = "Test", "Test", "{DCA326A1-1106-4584-A466-EA7D7EF35E3A}"
EndProject
Project("{FAE04EC0-301F-11D3-BF4B-00C04F79EFBC}") = "SignalRDev.Tests", "SignalRDev.Tests\SignalRDev.Tests.csproj", "{65E68F96-038B-4A45-B018-9773963ABE89}"
EndProject
Project("{FAE04EC0-301F-11D3-BF4B-00C04F79EFBC}") = "SignalRDev.Test.DashboardDataAccess", "SignalRDev.Test.DashboardDataAccess\SignalRDev.Test.DashboardDataAccess.csproj", "{131C9224-ADF6-4866-AD41-0DFE3B51BBED}"
EndProject
Global
	GlobalSection(SolutionConfigurationPlatforms) = preSolution
		DEV|Any CPU = DEV|Any CPU
		PRD|Any CPU = PRD|Any CPU
		SIT|Any CPU = SIT|Any CPU
	EndGlobalSection
	GlobalSection(ProjectConfigurationPlatforms) = postSolution
		{01584E16-D9FA-4D98-8E4A-9334B14356FC}.DEV|Any CPU.ActiveCfg = DEV|Any CPU
		{01584E16-D9FA-4D98-8E4A-9334B14356FC}.DEV|Any CPU.Build.0 = DEV|Any CPU
		{01584E16-D9FA-4D98-8E4A-9334B14356FC}.PRD|Any CPU.ActiveCfg = PRD|Any CPU
		{01584E16-D9FA-4D98-8E4A-9334B14356FC}.PRD|Any CPU.Build.0 = PRD|Any CPU
		{01584E16-D9FA-4D98-8E4A-9334B14356FC}.SIT|Any CPU.ActiveCfg = DEV|Any CPU
		{01584E16-D9FA-4D98-8E4A-9334B14356FC}.SIT|Any CPU.Build.0 = DEV|Any CPU
		{5D5469F4-9E52-49AF-90E3-8D9D234D2762}.DEV|Any CPU.ActiveCfg = DEV|Any CPU
		{5D5469F4-9E52-49AF-90E3-8D9D234D2762}.DEV|Any CPU.Build.0 = DEV|Any CPU
		{5D5469F4-9E52-49AF-90E3-8D9D234D2762}.PRD|Any CPU.ActiveCfg = PRD|Any CPU
		{5D5469F4-9E52-49AF-90E3-8D9D234D2762}.PRD|Any CPU.Build.0 = PRD|Any CPU
		{5D5469F4-9E52-49AF-90E3-8D9D234D2762}.SIT|Any CPU.ActiveCfg = DEV|Any CPU
		{5D5469F4-9E52-49AF-90E3-8D9D234D2762}.SIT|Any CPU.Build.0 = DEV|Any CPU
		{72B53636-AC21-4279-A677-2DEB0963458C}.DEV|Any CPU.ActiveCfg = DEV|Any CPU
		{72B53636-AC21-4279-A677-2DEB0963458C}.DEV|Any CPU.Build.0 = DEV|Any CPU
		{72B53636-AC21-4279-A677-2DEB0963458C}.PRD|Any CPU.ActiveCfg = PRD|Any CPU
		{72B53636-AC21-4279-A677-2DEB0963458C}.PRD|Any CPU.Build.0 = PRD|Any CPU
		{72B53636-AC21-4279-A677-2DEB0963458C}.SIT|Any CPU.ActiveCfg = DEV|Any CPU
		{72B53636-AC21-4279-A677-2DEB0963458C}.SIT|Any CPU.Build.0 = DEV|Any CPU
		{A8086E48-F9D0-491F-BC46-54118BFEC38B}.DEV|Any CPU.ActiveCfg = DEV|Any CPU
		{A8086E48-F9D0-491F-BC46-54118BFEC38B}.DEV|Any CPU.Build.0 = DEV|Any CPU
		{A8086E48-F9D0-491F-BC46-54118BFEC38B}.PRD|Any CPU.ActiveCfg = PRD|Any CPU
		{A8086E48-F9D0-491F-BC46-54118BFEC38B}.PRD|Any CPU.Build.0 = PRD|Any CPU
		{A8086E48-F9D0-491F-BC46-54118BFEC38B}.SIT|Any CPU.ActiveCfg = DEV|Any CPU
		{A8086E48-F9D0-491F-BC46-54118BFEC38B}.SIT|Any CPU.Build.0 = DEV|Any CPU
		{A6308A07-0A0D-4530-B4F7-8071C6270742}.DEV|Any CPU.ActiveCfg = DEV|Any CPU
		{A6308A07-0A0D-4530-B4F7-8071C6270742}.DEV|Any CPU.Build.0 = DEV|Any CPU
		{A6308A07-0A0D-4530-B4F7-8071C6270742}.PRD|Any CPU.ActiveCfg = PRD|Any CPU
		{A6308A07-0A0D-4530-B4F7-8071C6270742}.PRD|Any CPU.Build.0 = PRD|Any CPU
		{A6308A07-0A0D-4530-B4F7-8071C6270742}.SIT|Any CPU.ActiveCfg = DEV|Any CPU
		{A6308A07-0A0D-4530-B4F7-8071C6270742}.SIT|Any CPU.Build.0 = DEV|Any CPU
		{943EED3F-E129-4E5E-A793-A1982E991CC4}.DEV|Any CPU.ActiveCfg = DEV|Any CPU
		{943EED3F-E129-4E5E-A793-A1982E991CC4}.DEV|Any CPU.Build.0 = DEV|Any CPU
		{943EED3F-E129-4E5E-A793-A1982E991CC4}.PRD|Any CPU.ActiveCfg = SIT|Any CPU
		{943EED3F-E129-4E5E-A793-A1982E991CC4}.PRD|Any CPU.Build.0 = SIT|Any CPU
		{943EED3F-E129-4E5E-A793-A1982E991CC4}.SIT|Any CPU.ActiveCfg = DEV|Any CPU
		{943EED3F-E129-4E5E-A793-A1982E991CC4}.SIT|Any CPU.Build.0 = DEV|Any CPU
		{65E68F96-038B-4A45-B018-9773963ABE89}.DEV|Any CPU.ActiveCfg = DEV|Any CPU
		{65E68F96-038B-4A45-B018-9773963ABE89}.DEV|Any CPU.Build.0 = DEV|Any CPU
		{65E68F96-038B-4A45-B018-9773963ABE89}.PRD|Any CPU.ActiveCfg = SIT|Any CPU
		{65E68F96-038B-4A45-B018-9773963ABE89}.PRD|Any CPU.Build.0 = SIT|Any CPU
		{65E68F96-038B-4A45-B018-9773963ABE89}.SIT|Any CPU.ActiveCfg = SIT|Any CPU
		{65E68F96-038B-4A45-B018-9773963ABE89}.SIT|Any CPU.Build.0 = SIT|Any CPU
		{131C9224-ADF6-4866-AD41-0DFE3B51BBED}.DEV|Any CPU.ActiveCfg = DEV|Any CPU
		{131C9224-ADF6-4866-AD41-0DFE3B51BBED}.DEV|Any CPU.Build.0 = DEV|Any CPU
		{131C9224-ADF6-4866-AD41-0DFE3B51BBED}.PRD|Any CPU.ActiveCfg = SIT|Any CPU
		{131C9224-ADF6-4866-AD41-0DFE3B51BBED}.PRD|Any CPU.Build.0 = SIT|Any CPU
		{131C9224-ADF6-4866-AD41-0DFE3B51BBED}.SIT|Any CPU.ActiveCfg = SIT|Any CPU
		{131C9224-ADF6-4866-AD41-0DFE3B51BBED}.SIT|Any CPU.Build.0 = SIT|Any CPU
	EndGlobalSection
	GlobalSection(SolutionProperties) = preSolution
		HideSolutionNode = FALSE
	EndGlobalSection
	GlobalSection(NestedProjects) = preSolution
		{01584E16-D9FA-4D98-8E4A-9334B14356FC} = {7663560C-D473-47B7-815D-847E325EF4DF}
		{5D5469F4-9E52-49AF-90E3-8D9D234D2762} = {88070923-1C1D-4296-A1F0-C1F4D5B9F011}
		{72B53636-AC21-4279-A677-2DEB0963458C} = {028EA9B4-D123-4D47-BB63-597F026D4A74}
		{A8086E48-F9D0-491F-BC46-54118BFEC38B} = {028EA9B4-D123-4D47-BB63-597F026D4A74}
		{A6308A07-0A0D-4530-B4F7-8071C6270742} = {88070923-1C1D-4296-A1F0-C1F4D5B9F011}
		{943EED3F-E129-4E5E-A793-A1982E991CC4} = {F78B5C28-4BBD-4007-BE3F-85A335062F41}
		{65E68F96-038B-4A45-B018-9773963ABE89} = {DCA326A1-1106-4584-A466-EA7D7EF35E3A}
		{131C9224-ADF6-4866-AD41-0DFE3B51BBED} = {DCA326A1-1106-4584-A466-EA7D7EF35E3A}
	EndGlobalSection
EndGlobal
